// !$*UTF8*$!
{
	archiveVersion = 1;
	classes = {
	};
	objectVersion = 56;
	objects = {

/* Begin PBXBuildFile section */
		BD297F982C54CB1E00BCBDDD /* PosterView.swift in Sources */ = {isa = PBXBuildFile; fileRef = BD297F972C54CB1E00BCBDDD /* PosterView.swift */; };
		BD3FE74E2C57CAED004C6CB3 /* ROKObjectModel.swift in Sources */ = {isa = PBXBuildFile; fileRef = BD3FE74D2C57CAED004C6CB3 /* ROKObjectModel.swift */; };
		BD4F83492C51DF5F00851AF8 /* RealityKitContent in Frameworks */ = {isa = PBXBuildFile; productRef = BD4F83482C51DF5F00851AF8 /* RealityKitContent */; };
		BD4F834B2C51DF5F00851AF8 /* MuseumKApp.swift in Sources */ = {isa = PBXBuildFile; fileRef = BD4F834A2C51DF5F00851AF8 /* MuseumKApp.swift */; };
		BD4F834D2C51DF5F00851AF8 /* ContentView.swift in Sources */ = {isa = PBXBuildFile; fileRef = BD4F834C2C51DF5F00851AF8 /* ContentView.swift */; };
		BD4F834F2C51DF5F00851AF8 /* ImmersiveView.swift in Sources */ = {isa = PBXBuildFile; fileRef = BD4F834E2C51DF5F00851AF8 /* ImmersiveView.swift */; };
		BD4F83512C51DF6000851AF8 /* Assets.xcassets in Resources */ = {isa = PBXBuildFile; fileRef = BD4F83502C51DF6000851AF8 /* Assets.xcassets */; };
		BD4F83542C51DF6000851AF8 /* Preview Assets.xcassets in Resources */ = {isa = PBXBuildFile; fileRef = BD4F83532C51DF6000851AF8 /* Preview Assets.xcassets */; };
		BDE3BF192C54A2F800F10218 /* CommentaryView.swift in Sources */ = {isa = PBXBuildFile; fileRef = BDE3BF182C54A2F800F10218 /* CommentaryView.swift */; };
		BDEFD1372C58B0DC00390EF7 /* MenuItem.swift in Sources */ = {isa = PBXBuildFile; fileRef = BDEFD1362C58B0DC00390EF7 /* MenuItem.swift */; };
		BDEFD1392C58B0F300390EF7 /* RoomModel.swift in Sources */ = {isa = PBXBuildFile; fileRef = BDEFD1382C58B0F300390EF7 /* RoomModel.swift */; };
		BDEFD13D2C58BBC200390EF7 /* MapWindow.swift in Sources */ = {isa = PBXBuildFile; fileRef = BDEFD13C2C58BBC200390EF7 /* MapWindow.swift */; };
		BDEFD13F2C59163600390EF7 /* VolumeView.swift in Sources */ = {isa = PBXBuildFile; fileRef = BDEFD13E2C59163600390EF7 /* VolumeView.swift */; };
		BDF959122C54BF8A00AEDAE3 /* ControlView.swift in Sources */ = {isa = PBXBuildFile; fileRef = BDF959112C54BF8A00AEDAE3 /* ControlView.swift */; };
/* End PBXBuildFile section */

/* Begin PBXFileReference section */
		BD297F972C54CB1E00BCBDDD /* PosterView.swift */ = {isa = PBXFileReference; lastKnownFileType = sourcecode.swift; path = PosterView.swift; sourceTree = "<group>"; };
		BD3FE74D2C57CAED004C6CB3 /* ROKObjectModel.swift */ = {isa = PBXFileReference; lastKnownFileType = sourcecode.swift; path = ROKObjectModel.swift; sourceTree = "<group>"; };
		BD4F83432C51DF5F00851AF8 /* MuseumK.app */ = {isa = PBXFileReference; explicitFileType = wrapper.application; includeInIndex = 0; path = MuseumK.app; sourceTree = BUILT_PRODUCTS_DIR; };
		BD4F83472C51DF5F00851AF8 /* RealityKitContent */ = {isa = PBXFileReference; lastKnownFileType = wrapper; path = RealityKitContent; sourceTree = "<group>"; };
		BD4F834A2C51DF5F00851AF8 /* MuseumKApp.swift */ = {isa = PBXFileReference; lastKnownFileType = sourcecode.swift; path = MuseumKApp.swift; sourceTree = "<group>"; };
		BD4F834C2C51DF5F00851AF8 /* ContentView.swift */ = {isa = PBXFileReference; lastKnownFileType = sourcecode.swift; path = ContentView.swift; sourceTree = "<group>"; };
		BD4F834E2C51DF5F00851AF8 /* ImmersiveView.swift */ = {isa = PBXFileReference; lastKnownFileType = sourcecode.swift; path = ImmersiveView.swift; sourceTree = "<group>"; };
		BD4F83502C51DF6000851AF8 /* Assets.xcassets */ = {isa = PBXFileReference; lastKnownFileType = folder.assetcatalog; path = Assets.xcassets; sourceTree = "<group>"; };
		BD4F83532C51DF6000851AF8 /* Preview Assets.xcassets */ = {isa = PBXFileReference; lastKnownFileType = folder.assetcatalog; path = "Preview Assets.xcassets"; sourceTree = "<group>"; };
		BD4F83552C51DF6000851AF8 /* Info.plist */ = {isa = PBXFileReference; lastKnownFileType = text.plist.xml; path = Info.plist; sourceTree = "<group>"; };
		BDE3BF182C54A2F800F10218 /* CommentaryView.swift */ = {isa = PBXFileReference; lastKnownFileType = sourcecode.swift; path = CommentaryView.swift; sourceTree = "<group>"; };
		BDEFD1362C58B0DC00390EF7 /* MenuItem.swift */ = {isa = PBXFileReference; fileEncoding = 4; lastKnownFileType = sourcecode.swift; path = MenuItem.swift; sourceTree = "<group>"; };
		BDEFD1382C58B0F300390EF7 /* RoomModel.swift */ = {isa = PBXFileReference; lastKnownFileType = sourcecode.swift; path = RoomModel.swift; sourceTree = "<group>"; };
		BDEFD13C2C58BBC200390EF7 /* MapWindow.swift */ = {isa = PBXFileReference; fileEncoding = 4; lastKnownFileType = sourcecode.swift; path = MapWindow.swift; sourceTree = "<group>"; };
		BDEFD13E2C59163600390EF7 /* VolumeView.swift */ = {isa = PBXFileReference; lastKnownFileType = sourcecode.swift; path = VolumeView.swift; sourceTree = "<group>"; };
		BDF959112C54BF8A00AEDAE3 /* ControlView.swift */ = {isa = PBXFileReference; lastKnownFileType = sourcecode.swift; path = ControlView.swift; sourceTree = "<group>"; };
/* End PBXFileReference section */

/* Begin PBXFrameworksBuildPhase section */
		BD4F83402C51DF5F00851AF8 /* Frameworks */ = {
			isa = PBXFrameworksBuildPhase;
			buildActionMask = 2147483647;
			files = (
				BD4F83492C51DF5F00851AF8 /* RealityKitContent in Frameworks */,
			);
			runOnlyForDeploymentPostprocessing = 0;
		};
/* End PBXFrameworksBuildPhase section */

/* Begin PBXGroup section */
		BD4F833A2C51DF5F00851AF8 = {
			isa = PBXGroup;
			children = (
				BD4F83452C51DF5F00851AF8 /* MuseumK */,
				BD4F83462C51DF5F00851AF8 /* Packages */,
				BD4F83442C51DF5F00851AF8 /* Products */,
			);
			sourceTree = "<group>";
		};
		BD4F83442C51DF5F00851AF8 /* Products */ = {
			isa = PBXGroup;
			children = (
				BD4F83432C51DF5F00851AF8 /* MuseumK.app */,
			);
			name = Products;
			sourceTree = "<group>";
		};
		BD4F83452C51DF5F00851AF8 /* MuseumK */ = {
			isa = PBXGroup;
			children = (
				BD4F834A2C51DF5F00851AF8 /* MuseumKApp.swift */,
				BDE3BF172C54A25F00F10218 /* View */,
				BD4F835C2C51E17E00851AF8 /* Resource */,
				BD4F835B2C51E15900851AF8 /* Model */,
				BD4F83552C51DF6000851AF8 /* Info.plist */,
				BD4F83522C51DF6000851AF8 /* Preview Content */,
			);
			path = MuseumK;
			sourceTree = "<group>";
		};
		BD4F83462C51DF5F00851AF8 /* Packages */ = {
			isa = PBXGroup;
			children = (
				BD4F83472C51DF5F00851AF8 /* RealityKitContent */,
			);
			path = Packages;
			sourceTree = "<group>";
		};
		BD4F83522C51DF6000851AF8 /* Preview Content */ = {
			isa = PBXGroup;
			children = (
				BD4F83532C51DF6000851AF8 /* Preview Assets.xcassets */,
			);
			path = "Preview Content";
			sourceTree = "<group>";
		};
		BD4F835B2C51E15900851AF8 /* Model */ = {
			isa = PBXGroup;
			children = (
				BDEFD1362C58B0DC00390EF7 /* MenuItem.swift */,
				BD3FE74D2C57CAED004C6CB3 /* ROKObjectModel.swift */,
				BDEFD1382C58B0F300390EF7 /* RoomModel.swift */,
			);
			path = Model;
			sourceTree = "<group>";
		};
		BD4F835C2C51E17E00851AF8 /* Resource */ = {
			isa = PBXGroup;
			children = (
				BD4F83502C51DF6000851AF8 /* Assets.xcassets */,
			);
			path = Resource;
			sourceTree = "<group>";
		};
		BDE3BF172C54A25F00F10218 /* View */ = {
			isa = PBXGroup;
			children = (
				BD4F834C2C51DF5F00851AF8 /* ContentView.swift */,
				BD4F834E2C51DF5F00851AF8 /* ImmersiveView.swift */,
				BDE3BF182C54A2F800F10218 /* CommentaryView.swift */,
				BDEFD13C2C58BBC200390EF7 /* MapWindow.swift */,
				BDF959112C54BF8A00AEDAE3 /* ControlView.swift */,
				BD297F972C54CB1E00BCBDDD /* PosterView.swift */,
				BDEFD13E2C59163600390EF7 /* VolumeView.swift */,
			);
			path = View;
			sourceTree = "<group>";
		};
/* End PBXGroup section */

/* Begin PBXNativeTarget section */
		BD4F83422C51DF5F00851AF8 /* MuseumK */ = {
			isa = PBXNativeTarget;
			buildConfigurationList = BD4F83582C51DF6000851AF8 /* Build configuration list for PBXNativeTarget "MuseumK" */;
			buildPhases = (
				BD4F833F2C51DF5F00851AF8 /* Sources */,
				BD4F83402C51DF5F00851AF8 /* Frameworks */,
				BD4F83412C51DF5F00851AF8 /* Resources */,
			);
			buildRules = (
			);
			dependencies = (
			);
			name = MuseumK;
			packageProductDependencies = (
				BD4F83482C51DF5F00851AF8 /* RealityKitContent */,
			);
			productName = MuseumK;
			productReference = BD4F83432C51DF5F00851AF8 /* MuseumK.app */;
			productType = "com.apple.product-type.application";
		};
/* End PBXNativeTarget section */

/* Begin PBXProject section */
		BD4F833B2C51DF5F00851AF8 /* Project object */ = {
			isa = PBXProject;
			attributes = {
				BuildIndependentTargetsInParallel = 1;
				LastSwiftUpdateCheck = 1540;
				LastUpgradeCheck = 1540;
				TargetAttributes = {
					BD4F83422C51DF5F00851AF8 = {
						CreatedOnToolsVersion = 15.4;
					};
				};
			};
			buildConfigurationList = BD4F833E2C51DF5F00851AF8 /* Build configuration list for PBXProject "MuseumK" */;
			compatibilityVersion = "Xcode 14.0";
			developmentRegion = en;
			hasScannedForEncodings = 0;
			knownRegions = (
				en,
				Base,
			);
			mainGroup = BD4F833A2C51DF5F00851AF8;
			productRefGroup = BD4F83442C51DF5F00851AF8 /* Products */;
			projectDirPath = "";
			projectRoot = "";
			targets = (
				BD4F83422C51DF5F00851AF8 /* MuseumK */,
			);
		};
/* End PBXProject section */

/* Begin PBXResourcesBuildPhase section */
		BD4F83412C51DF5F00851AF8 /* Resources */ = {
			isa = PBXResourcesBuildPhase;
			buildActionMask = 2147483647;
			files = (
				BD4F83542C51DF6000851AF8 /* Preview Assets.xcassets in Resources */,
				BD4F83512C51DF6000851AF8 /* Assets.xcassets in Resources */,
			);
			runOnlyForDeploymentPostprocessing = 0;
		};
/* End PBXResourcesBuildPhase section */

/* Begin PBXSourcesBuildPhase section */
		BD4F833F2C51DF5F00851AF8 /* Sources */ = {
			isa = PBXSourcesBuildPhase;
			buildActionMask = 2147483647;
			files = (
				BD4F834D2C51DF5F00851AF8 /* ContentView.swift in Sources */,
				BDEFD13F2C59163600390EF7 /* VolumeView.swift in Sources */,
				BDEFD1392C58B0F300390EF7 /* RoomModel.swift in Sources */,
				BDE3BF192C54A2F800F10218 /* CommentaryView.swift in Sources */,
				BD3FE74E2C57CAED004C6CB3 /* ROKObjectModel.swift in Sources */,
				BD4F834B2C51DF5F00851AF8 /* MuseumKApp.swift in Sources */,
				BDEFD13D2C58BBC200390EF7 /* MapWindow.swift in Sources */,
				BD4F834F2C51DF5F00851AF8 /* ImmersiveView.swift in Sources */,
				BDEFD1372C58B0DC00390EF7 /* MenuItem.swift in Sources */,
				BD297F982C54CB1E00BCBDDD /* PosterView.swift in Sources */,
				BDF959122C54BF8A00AEDAE3 /* ControlView.swift in Sources */,
			);
			runOnlyForDeploymentPostprocessing = 0;
		};
/* End PBXSourcesBuildPhase section */

/* Begin XCBuildConfiguration section */
		BD4F83562C51DF6000851AF8 /* Debug */ = {
			isa = XCBuildConfiguration;
			buildSettings = {
				ALWAYS_SEARCH_USER_PATHS = NO;
				ASSETCATALOG_COMPILER_GENERATE_SWIFT_ASSET_SYMBOL_EXTENSIONS = YES;
				CLANG_ANALYZER_NONNULL = YES;
				CLANG_ANALYZER_NUMBER_OBJECT_CONVERSION = YES_AGGRESSIVE;
				CLANG_CXX_LANGUAGE_STANDARD = "gnu++20";
				CLANG_ENABLE_MODULES = YES;
				CLANG_ENABLE_OBJC_ARC = YES;
				CLANG_ENABLE_OBJC_WEAK = YES;
				CLANG_WARN_BLOCK_CAPTURE_AUTORELEASING = YES;
				CLANG_WARN_BOOL_CONVERSION = YES;
				CLANG_WARN_COMMA = YES;
				CLANG_WARN_CONSTANT_CONVERSION = YES;
				CLANG_WARN_DEPRECATED_OBJC_IMPLEMENTATIONS = YES;
				CLANG_WARN_DIRECT_OBJC_ISA_USAGE = YES_ERROR;
				CLANG_WARN_DOCUMENTATION_COMMENTS = YES;
				CLANG_WARN_EMPTY_BODY = YES;
				CLANG_WARN_ENUM_CONVERSION = YES;
				CLANG_WARN_INFINITE_RECURSION = YES;
				CLANG_WARN_INT_CONVERSION = YES;
				CLANG_WARN_NON_LITERAL_NULL_CONVERSION = YES;
				CLANG_WARN_OBJC_IMPLICIT_RETAIN_SELF = YES;
				CLANG_WARN_OBJC_LITERAL_CONVERSION = YES;
				CLANG_WARN_OBJC_ROOT_CLASS = YES_ERROR;
				CLANG_WARN_QUOTED_INCLUDE_IN_FRAMEWORK_HEADER = YES;
				CLANG_WARN_RANGE_LOOP_ANALYSIS = YES;
				CLANG_WARN_STRICT_PROTOTYPES = YES;
				CLANG_WARN_SUSPICIOUS_MOVE = YES;
				CLANG_WARN_UNGUARDED_AVAILABILITY = YES_AGGRESSIVE;
				CLANG_WARN_UNREACHABLE_CODE = YES;
				CLANG_WARN__DUPLICATE_METHOD_MATCH = YES;
				COPY_PHASE_STRIP = NO;
				DEBUG_INFORMATION_FORMAT = dwarf;
				ENABLE_STRICT_OBJC_MSGSEND = YES;
				ENABLE_TESTABILITY = YES;
				ENABLE_USER_SCRIPT_SANDBOXING = YES;
				GCC_C_LANGUAGE_STANDARD = gnu17;
				GCC_DYNAMIC_NO_PIC = NO;
				GCC_NO_COMMON_BLOCKS = YES;
				GCC_OPTIMIZATION_LEVEL = 0;
				GCC_PREPROCESSOR_DEFINITIONS = (
					"DEBUG=1",
					"$(inherited)",
				);
				GCC_WARN_64_TO_32_BIT_CONVERSION = YES;
				GCC_WARN_ABOUT_RETURN_TYPE = YES_ERROR;
				GCC_WARN_UNDECLARED_SELECTOR = YES;
				GCC_WARN_UNINITIALIZED_AUTOS = YES_AGGRESSIVE;
				GCC_WARN_UNUSED_FUNCTION = YES;
				GCC_WARN_UNUSED_VARIABLE = YES;
				LOCALIZATION_PREFERS_STRING_CATALOGS = YES;
				MTL_ENABLE_DEBUG_INFO = INCLUDE_SOURCE;
				MTL_FAST_MATH = YES;
				ONLY_ACTIVE_ARCH = YES;
				SDKROOT = xros;
				SWIFT_ACTIVE_COMPILATION_CONDITIONS = "DEBUG $(inherited)";
				SWIFT_OPTIMIZATION_LEVEL = "-Onone";
				XROS_DEPLOYMENT_TARGET = 1.2;
			};
			name = Debug;
		};
		BD4F83572C51DF6000851AF8 /* Release */ = {
			isa = XCBuildConfiguration;
			buildSettings = {
				ALWAYS_SEARCH_USER_PATHS = NO;
				ASSETCATALOG_COMPILER_GENERATE_SWIFT_ASSET_SYMBOL_EXTENSIONS = YES;
				CLANG_ANALYZER_NONNULL = YES;
				CLANG_ANALYZER_NUMBER_OBJECT_CONVERSION = YES_AGGRESSIVE;
				CLANG_CXX_LANGUAGE_STANDARD = "gnu++20";
				CLANG_ENABLE_MODULES = YES;
				CLANG_ENABLE_OBJC_ARC = YES;
				CLANG_ENABLE_OBJC_WEAK = YES;
				CLANG_WARN_BLOCK_CAPTURE_AUTORELEASING = YES;
				CLANG_WARN_BOOL_CONVERSION = YES;
				CLANG_WARN_COMMA = YES;
				CLANG_WARN_CONSTANT_CONVERSION = YES;
				CLANG_WARN_DEPRECATED_OBJC_IMPLEMENTATIONS = YES;
				CLANG_WARN_DIRECT_OBJC_ISA_USAGE = YES_ERROR;
				CLANG_WARN_DOCUMENTATION_COMMENTS = YES;
				CLANG_WARN_EMPTY_BODY = YES;
				CLANG_WARN_ENUM_CONVERSION = YES;
				CLANG_WARN_INFINITE_RECURSION = YES;
				CLANG_WARN_INT_CONVERSION = YES;
				CLANG_WARN_NON_LITERAL_NULL_CONVERSION = YES;
				CLANG_WARN_OBJC_IMPLICIT_RETAIN_SELF = YES;
				CLANG_WARN_OBJC_LITERAL_CONVERSION = YES;
				CLANG_WARN_OBJC_ROOT_CLASS = YES_ERROR;
				CLANG_WARN_QUOTED_INCLUDE_IN_FRAMEWORK_HEADER = YES;
				CLANG_WARN_RANGE_LOOP_ANALYSIS = YES;
				CLANG_WARN_STRICT_PROTOTYPES = YES;
				CLANG_WARN_SUSPICIOUS_MOVE = YES;
				CLANG_WARN_UNGUARDED_AVAILABILITY = YES_AGGRESSIVE;
				CLANG_WARN_UNREACHABLE_CODE = YES;
				CLANG_WARN__DUPLICATE_METHOD_MATCH = YES;
				COPY_PHASE_STRIP = NO;
				DEBUG_INFORMATION_FORMAT = "dwarf-with-dsym";
				ENABLE_NS_ASSERTIONS = NO;
				ENABLE_STRICT_OBJC_MSGSEND = YES;
				ENABLE_USER_SCRIPT_SANDBOXING = YES;
				GCC_C_LANGUAGE_STANDARD = gnu17;
				GCC_NO_COMMON_BLOCKS = YES;
				GCC_WARN_64_TO_32_BIT_CONVERSION = YES;
				GCC_WARN_ABOUT_RETURN_TYPE = YES_ERROR;
				GCC_WARN_UNDECLARED_SELECTOR = YES;
				GCC_WARN_UNINITIALIZED_AUTOS = YES_AGGRESSIVE;
				GCC_WARN_UNUSED_FUNCTION = YES;
				GCC_WARN_UNUSED_VARIABLE = YES;
				LOCALIZATION_PREFERS_STRING_CATALOGS = YES;
				MTL_ENABLE_DEBUG_INFO = NO;
				MTL_FAST_MATH = YES;
				SDKROOT = xros;
				SWIFT_COMPILATION_MODE = wholemodule;
				VALIDATE_PRODUCT = YES;
				XROS_DEPLOYMENT_TARGET = 1.2;
			};
			name = Release;
		};
		BD4F83592C51DF6000851AF8 /* Debug */ = {
			isa = XCBuildConfiguration;
			buildSettings = {
				ASSETCATALOG_COMPILER_APPICON_NAME = AppIcon;
				ASSETCATALOG_COMPILER_GLOBAL_ACCENT_COLOR_NAME = AccentColor;
				CODE_SIGN_STYLE = Automatic;
				CURRENT_PROJECT_VERSION = 1;
				DEVELOPMENT_ASSET_PATHS = "\"MuseumK/Preview Content\"";
				ENABLE_PREVIEWS = YES;
				GENERATE_INFOPLIST_FILE = YES;
				INFOPLIST_FILE = "$(TARGET_NAME)/Info.plist";
				LD_RUNPATH_SEARCH_PATHS = (
					"$(inherited)",
					"@executable_path/Frameworks",
				);
				MARKETING_VERSION = 1.0;
				PRODUCT_BUNDLE_IDENTIFIER = com.ROKSF.MuseumK;
				PRODUCT_NAME = "$(TARGET_NAME)";
				SUPPORTED_PLATFORMS = "xros xrsimulator";
				SWIFT_EMIT_LOC_STRINGS = YES;
				SWIFT_VERSION = 5.0;
				TARGETED_DEVICE_FAMILY = "1,2,7";
			};
			name = Debug;
		};
		BD4F835A2C51DF6000851AF8 /* Release */ = {
			isa = XCBuildConfiguration;
			buildSettings = {
				ASSETCATALOG_COMPILER_APPICON_NAME = AppIcon;
				ASSETCATALOG_COMPILER_GLOBAL_ACCENT_COLOR_NAME = AccentColor;
				CODE_SIGN_STYLE = Automatic;
				CURRENT_PROJECT_VERSION = 1;
				DEVELOPMENT_ASSET_PATHS = "\"MuseumK/Preview Content\"";
				ENABLE_PREVIEWS = YES;
				GENERATE_INFOPLIST_FILE = YES;
				INFOPLIST_FILE = "$(TARGET_NAME)/Info.plist";
				LD_RUNPATH_SEARCH_PATHS = (
					"$(inherited)",
					"@executable_path/Frameworks",
				);
				MARKETING_VERSION = 1.0;
				PRODUCT_BUNDLE_IDENTIFIER = com.ROKSF.MuseumK;
				PRODUCT_NAME = "$(TARGET_NAME)";
				SUPPORTED_PLATFORMS = "xros xrsimulator";
				SWIFT_EMIT_LOC_STRINGS = YES;
				SWIFT_VERSION = 5.0;
				TARGETED_DEVICE_FAMILY = "1,2,7";
			};
			name = Release;
		};
/* End XCBuildConfiguration section */

/* Begin XCConfigurationList section */
		BD4F833E2C51DF5F00851AF8 /* Build configuration list for PBXProject "MuseumK" */ = {
			isa = XCConfigurationList;
			buildConfigurations = (
				BD4F83562C51DF6000851AF8 /* Debug */,
				BD4F83572C51DF6000851AF8 /* Release */,
			);
			defaultConfigurationIsVisible = 0;
			defaultConfigurationName = Release;
		};
		BD4F83582C51DF6000851AF8 /* Build configuration list for PBXNativeTarget "MuseumK" */ = {
			isa = XCConfigurationList;
			buildConfigurations = (
				BD4F83592C51DF6000851AF8 /* Debug */,
				BD4F835A2C51DF6000851AF8 /* Release */,
			);
			defaultConfigurationIsVisible = 0;
			defaultConfigurationName = Release;
		};
/* End XCConfigurationList section */

/* Begin XCSwiftPackageProductDependency section */
		BD4F83482C51DF5F00851AF8 /* RealityKitContent */ = {
			isa = XCSwiftPackageProductDependency;
			productName = RealityKitContent;
		};
/* End XCSwiftPackageProductDependency section */
	};
	rootObject = BD4F833B2C51DF5F00851AF8 /* Project object */;
}
